
Microsoft Visual Studio Solution File, Format Version 12.00
# Visual Studio Version 17
VisualStudioVersion = 17.0.31912.275
MinimumVisualStudioVersion = 10.0.40219.1
Project("{9A19103F-16F7-4668-BE54-9A1E7A4F7556}") = "KeepAlive", "KeepAlive\KeepAlive.csproj", "{76CB8284-8CB2-49CE-8FA4-E7EFA4B76749}"
EndProject
Project("{2150E333-8FDC-42A3-9474-1A3956D46DE8}") = "Solution Items", "Solution Items", "{C63AF307-4A7C-4C49-9C19-FC636BF6F86F}"
	ProjectSection(SolutionItems) = preProject
		.editorconfig = .editorconfig
	EndProjectSection
EndProject
Project("{FAE04EC0-301F-11D3-BF4B-00C04F79EFBC}") = "KeepAlive.Tests", "KeepAlive.Tests\KeepAlive.Tests.csproj", "{EA996631-3ADE-4C91-8D3B-9BC66A52B5A1}"
EndProject
Global
	GlobalSection(SolutionConfigurationPlatforms) = preSolution
		Debug|Any CPU = Debug|Any CPU
		Release|Any CPU = Release|Any CPU
	EndGlobalSection
	GlobalSection(ProjectConfigurationPlatforms) = postSolution
		{76CB8284-8CB2-49CE-8FA4-E7EFA4B76749}.Debug|Any CPU.ActiveCfg = Debug|Any CPU
		{76CB8284-8CB2-49CE-8FA4-E7EFA4B76749}.Debug|Any CPU.Build.0 = Debug|Any CPU
		{76CB8284-8CB2-49CE-8FA4-E7EFA4B76749}.Release|Any CPU.ActiveCfg = Release|Any CPU
		{76CB8284-8CB2-49CE-8FA4-E7EFA4B76749}.Release|Any CPU.Build.0 = Release|Any CPU
		{EA996631-3ADE-4C91-8D3B-9BC66A52B5A1}.Debug|Any CPU.ActiveCfg = Debug|Any CPU
		{EA996631-3ADE-4C91-8D3B-9BC66A52B5A1}.Debug|Any CPU.Build.0 = Debug|Any CPU
		{EA996631-3ADE-4C91-8D3B-9BC66A52B5A1}.Release|Any CPU.ActiveCfg = Release|Any CPU
		{EA996631-3ADE-4C91-8D3B-9BC66A52B5A1}.Release|Any CPU.Build.0 = Release|Any CPU
	EndGlobalSection
	GlobalSection(SolutionProperties) = preSolution
		HideSolutionNode = FALSE
	EndGlobalSection
	GlobalSection(ExtensibilityGlobals) = postSolution
		SolutionGuid = {15E01451-4654-4ACD-BB2F-0A5DEDF0A093}
	EndGlobalSection
EndGlobal
